
Microsoft Visual Studio Solution File, Format Version 12.00
# Visual Studio 15
VisualStudioVersion = 15.0.28307.852
MinimumVisualStudioVersion = 10.0.40219.1
Project("{FAE04EC0-301F-11D3-BF4B-00C04F79EFBC}") = "RunTimeTesting", "RunTimeTesting\RunTimeTesting.csproj", "{20DB8D88-5B3E-4A94-ABC0-1E61828F23A6}"
EndProject
Global
	GlobalSection(SolutionConfigurationPlatforms) = preSolution
		Debug|Any CPU = Debug|Any CPU
		Release|Any CPU = Release|Any CPU
	EndGlobalSection
	GlobalSection(ProjectConfigurationPlatforms) = postSolution
		{20DB8D88-5B3E-4A94-ABC0-1E61828F23A6}.Debug|Any CPU.ActiveCfg = Debug|Any CPU
		{20DB8D88-5B3E-4A94-ABC0-1E61828F23A6}.Debug|Any CPU.Build.0 = Debug|Any CPU
		{20DB8D88-5B3E-4A94-ABC0-1E61828F23A6}.Release|Any CPU.ActiveCfg = Release|Any CPU
		{20DB8D88-5B3E-4A94-ABC0-1E61828F23A6}.Release|Any CPU.Build.0 = Release|Any CPU
	EndGlobalSection
	GlobalSection(SolutionProperties) = preSolution
		HideSolutionNode = FALSE
	EndGlobalSection
	GlobalSection(ExtensibilityGlobals) = postSolution
		SolutionGuid = {75F1E419-EEE3-4869-803B-E2603DEA31BC}
	EndGlobalSection
EndGlobal
